{
  "name": "scripts",
  "lockfileVersion": 2,
  "requires": true,
  "packages": {
    "": {
      "dependencies": {
        "three": "^0.131.1"
      }
    },
    "node_modules/three": {
      "version": "0.131.1",
      "resolved": "https://registry.npmjs.org/three/-/three-0.131.1.tgz",
      "integrity": "sha512-1vojiLBfH7e2GZDEzFBfmzU0b/5uraxdg630PcVCRdzgGOttGe6HmG+n71lLCZZnPOxU9f7UVPiSkKPMsyiB/A=="
    }
  },
  "dependencies": {
    "three": {
      "version": "0.131.1",
      "resolved": "https://registry.npmjs.org/three/-/three-0.131.1.tgz",
      "integrity": "sha512-1vojiLBfH7e2GZDEzFBfmzU0b/5uraxdg630PcVCRdzgGOttGe6HmG+n71lLCZZnPOxU9f7UVPiSkKPMsyiB/A=="
    }
  }
}
